
Microsoft Visual Studio Solution File, Format Version 12.00
# Visual Studio Version 16
VisualStudioVersion = 16.0.28803.452
MinimumVisualStudioVersion = 10.0.40219.1
Project("{FAE04EC0-301F-11D3-BF4B-00C04F79EFBC}") = "Mechanic's Assistant Client", "Mechanic's Assistant Client\Mechanic's Assistant Client.csproj", "{E579CE15-C504-44B3-B6EA-F36ADB7520B2}"
	ProjectSection(ProjectDependencies) = postProject
		{A245D415-84F2-42DD-A275-BDE1F96AA06C} = {A245D415-84F2-42DD-A275-BDE1F96AA06C}
	EndProjectSection
EndProject
Project("{9A19103F-16F7-4668-BE54-9A1E7A4F7556}") = "Mechanic's Assistant Server", "Mechanic's Assistant Server Language Rewrite\Mechanic's Assistant Server.csproj", "{A245D415-84F2-42DD-A275-BDE1F96AA06C}"
EndProject
Project("{9A19103F-16F7-4668-BE54-9A1E7A4F7556}") = "Mechanic's Assistant Server Tests", "Mechanic's Assistant Server Tests\Mechanic's Assistant Server Tests.csproj", "{E69BB9B3-D1F0-47D9-B1CC-D2B29066763B}"
EndProject
Global
	GlobalSection(SolutionConfigurationPlatforms) = preSolution
		DataConverter|Any CPU = DataConverter|Any CPU
		Debug|Any CPU = Debug|Any CPU
		Release|Any CPU = Release|Any CPU
	EndGlobalSection
	GlobalSection(ProjectConfigurationPlatforms) = postSolution
		{E579CE15-C504-44B3-B6EA-F36ADB7520B2}.DataConverter|Any CPU.ActiveCfg = Debug|Any CPU
		{E579CE15-C504-44B3-B6EA-F36ADB7520B2}.DataConverter|Any CPU.Build.0 = Debug|Any CPU
		{E579CE15-C504-44B3-B6EA-F36ADB7520B2}.Debug|Any CPU.ActiveCfg = Debug|Any CPU
		{E579CE15-C504-44B3-B6EA-F36ADB7520B2}.Debug|Any CPU.Build.0 = Debug|Any CPU
		{E579CE15-C504-44B3-B6EA-F36ADB7520B2}.Release|Any CPU.ActiveCfg = Release|Any CPU
		{E579CE15-C504-44B3-B6EA-F36ADB7520B2}.Release|Any CPU.Build.0 = Release|Any CPU
		{A245D415-84F2-42DD-A275-BDE1F96AA06C}.DataConverter|Any CPU.ActiveCfg = Debug|Any CPU
		{A245D415-84F2-42DD-A275-BDE1F96AA06C}.DataConverter|Any CPU.Build.0 = Debug|Any CPU
		{A245D415-84F2-42DD-A275-BDE1F96AA06C}.Debug|Any CPU.ActiveCfg = Debug|Any CPU
		{A245D415-84F2-42DD-A275-BDE1F96AA06C}.Debug|Any CPU.Build.0 = Debug|Any CPU
		{A245D415-84F2-42DD-A275-BDE1F96AA06C}.Release|Any CPU.ActiveCfg = Release|Any CPU
		{A245D415-84F2-42DD-A275-BDE1F96AA06C}.Release|Any CPU.Build.0 = Release|Any CPU
		{E69BB9B3-D1F0-47D9-B1CC-D2B29066763B}.DataConverter|Any CPU.ActiveCfg = Debug|Any CPU
		{E69BB9B3-D1F0-47D9-B1CC-D2B29066763B}.DataConverter|Any CPU.Build.0 = Debug|Any CPU
		{E69BB9B3-D1F0-47D9-B1CC-D2B29066763B}.Debug|Any CPU.ActiveCfg = Debug|Any CPU
		{E69BB9B3-D1F0-47D9-B1CC-D2B29066763B}.Debug|Any CPU.Build.0 = Debug|Any CPU
		{E69BB9B3-D1F0-47D9-B1CC-D2B29066763B}.Release|Any CPU.ActiveCfg = Release|Any CPU
		{E69BB9B3-D1F0-47D9-B1CC-D2B29066763B}.Release|Any CPU.Build.0 = Release|Any CPU
	EndGlobalSection
	GlobalSection(SolutionProperties) = preSolution
		HideSolutionNode = FALSE
	EndGlobalSection
	GlobalSection(ExtensibilityGlobals) = postSolution
		SolutionGuid = {9CC7261F-67E7-4B0D-83E6-802E90275406}
	EndGlobalSection
EndGlobal
